// !$*UTF8*$!
{
	archiveVersion = 1;
	classes = {
	};
	objectVersion = 46;
	objects = {

/* Begin PBXBuildFile section */
		F7D102C21F77B48500696F64 /* AppDelegate.swift in Sources */ = {isa = PBXBuildFile; fileRef = F7D102C11F77B48500696F64 /* AppDelegate.swift */; };
		F7D102C41F77B48500696F64 /* ViewController.swift in Sources */ = {isa = PBXBuildFile; fileRef = F7D102C31F77B48500696F64 /* ViewController.swift */; };
		F7D102C61F77B48500696F64 /* Assets.xcassets in Resources */ = {isa = PBXBuildFile; fileRef = F7D102C51F77B48500696F64 /* Assets.xcassets */; };
		F7D102C91F77B48500696F64 /* Main.storyboard in Resources */ = {isa = PBXBuildFile; fileRef = F7D102C71F77B48500696F64 /* Main.storyboard */; };
		F7D102D41F77B48500696F64 /* myuploadTests.swift in Sources */ = {isa = PBXBuildFile; fileRef = F7D102D31F77B48500696F64 /* myuploadTests.swift */; };
		F7D102DF1F77B48500696F64 /* myuploadUITests.swift in Sources */ = {isa = PBXBuildFile; fileRef = F7D102DE1F77B48500696F64 /* myuploadUITests.swift */; };
/* End PBXBuildFile section */

/* Begin PBXContainerItemProxy section */
		F7D102D01F77B48500696F64 /* PBXContainerItemProxy */ = {
			isa = PBXContainerItemProxy;
			containerPortal = F7D102B61F77B48500696F64 /* Project object */;
			proxyType = 1;
			remoteGlobalIDString = F7D102BD1F77B48500696F64;
			remoteInfo = myupload;
		};
		F7D102DB1F77B48500696F64 /* PBXContainerItemProxy */ = {
			isa = PBXContainerItemProxy;
			containerPortal = F7D102B61F77B48500696F64 /* Project object */;
			proxyType = 1;
			remoteGlobalIDString = F7D102BD1F77B48500696F64;
			remoteInfo = myupload;
		};
/* End PBXContainerItemProxy section */

/* Begin PBXFileReference section */
		F7D102BE1F77B48500696F64 /* myupload.app */ = {isa = PBXFileReference; explicitFileType = wrapper.application; includeInIndex = 0; path = myupload.app; sourceTree = BUILT_PRODUCTS_DIR; };
		F7D102C11F77B48500696F64 /* AppDelegate.swift */ = {isa = PBXFileReference; lastKnownFileType = sourcecode.swift; path = AppDelegate.swift; sourceTree = "<group>"; };
		F7D102C31F77B48500696F64 /* ViewController.swift */ = {isa = PBXFileReference; lastKnownFileType = sourcecode.swift; path = ViewController.swift; sourceTree = "<group>"; };
		F7D102C51F77B48500696F64 /* Assets.xcassets */ = {isa = PBXFileReference; lastKnownFileType = folder.assetcatalog; path = Assets.xcassets; sourceTree = "<group>"; };
		F7D102C81F77B48500696F64 /* Base */ = {isa = PBXFileReference; lastKnownFileType = file.storyboard; name = Base; path = Base.lproj/Main.storyboard; sourceTree = "<group>"; };
		F7D102CA1F77B48500696F64 /* Info.plist */ = {isa = PBXFileReference; lastKnownFileType = text.plist.xml; path = Info.plist; sourceTree = "<group>"; };
		F7D102CF1F77B48500696F64 /* myuploadTests.xctest */ = {isa = PBXFileReference; explicitFileType = wrapper.cfbundle; includeInIndex = 0; path = myuploadTests.xctest; sourceTree = BUILT_PRODUCTS_DIR; };
		F7D102D31F77B48500696F64 /* myuploadTests.swift */ = {isa = PBXFileReference; lastKnownFileType = sourcecode.swift; path = myuploadTests.swift; sourceTree = "<group>"; };
		F7D102D51F77B48500696F64 /* Info.plist */ = {isa = PBXFileReference; lastKnownFileType = text.plist.xml; path = Info.plist; sourceTree = "<group>"; };
		F7D102DA1F77B48500696F64 /* myuploadUITests.xctest */ = {isa = PBXFileReference; explicitFileType = wrapper.cfbundle; includeInIndex = 0; path = myuploadUITests.xctest; sourceTree = BUILT_PRODUCTS_DIR; };
		F7D102DE1F77B48500696F64 /* myuploadUITests.swift */ = {isa = PBXFileReference; lastKnownFileType = sourcecode.swift; path = myuploadUITests.swift; sourceTree = "<group>"; };
		F7D102E01F77B48500696F64 /* Info.plist */ = {isa = PBXFileReference; lastKnownFileType = text.plist.xml; path = Info.plist; sourceTree = "<group>"; };
/* End PBXFileReference section */

/* Begin PBXFrameworksBuildPhase section */
		F7D102BB1F77B48500696F64 /* Frameworks */ = {
			isa = PBXFrameworksBuildPhase;
			buildActionMask = 2147483647;
			files = (
			);
			runOnlyForDeploymentPostprocessing = 0;
		};
		F7D102CC1F77B48500696F64 /* Frameworks */ = {
			isa = PBXFrameworksBuildPhase;
			buildActionMask = 2147483647;
			files = (
			);
			runOnlyForDeploymentPostprocessing = 0;
		};
		F7D102D71F77B48500696F64 /* Frameworks */ = {
			isa = PBXFrameworksBuildPhase;
			buildActionMask = 2147483647;
			files = (
			);
			runOnlyForDeploymentPostprocessing = 0;
		};
/* End PBXFrameworksBuildPhase section */

/* Begin PBXGroup section */
		F7D102B51F77B48500696F64 = {
			isa = PBXGroup;
			children = (
				F7D102C01F77B48500696F64 /* myupload */,
				F7D102D21F77B48500696F64 /* myuploadTests */,
				F7D102DD1F77B48500696F64 /* myuploadUITests */,
				F7D102BF1F77B48500696F64 /* Products */,
			);
			sourceTree = "<group>";
		};
		F7D102BF1F77B48500696F64 /* Products */ = {
			isa = PBXGroup;
			children = (
				F7D102BE1F77B48500696F64 /* myupload.app */,
				F7D102CF1F77B48500696F64 /* myuploadTests.xctest */,
				F7D102DA1F77B48500696F64 /* myuploadUITests.xctest */,
			);
			name = Products;
			sourceTree = "<group>";
		};
		F7D102C01F77B48500696F64 /* myupload */ = {
			isa = PBXGroup;
			children = (
				F7D102C11F77B48500696F64 /* AppDelegate.swift */,
				F7D102C31F77B48500696F64 /* ViewController.swift */,
				F7D102C51F77B48500696F64 /* Assets.xcassets */,
				F7D102C71F77B48500696F64 /* Main.storyboard */,
				F7D102CA1F77B48500696F64 /* Info.plist */,
			);
			path = myupload;
			sourceTree = "<group>";
		};
		F7D102D21F77B48500696F64 /* myuploadTests */ = {
			isa = PBXGroup;
			children = (
				F7D102D31F77B48500696F64 /* myuploadTests.swift */,
				F7D102D51F77B48500696F64 /* Info.plist */,
			);
			path = myuploadTests;
			sourceTree = "<group>";
		};
		F7D102DD1F77B48500696F64 /* myuploadUITests */ = {
			isa = PBXGroup;
			children = (
				F7D102DE1F77B48500696F64 /* myuploadUITests.swift */,
				F7D102E01F77B48500696F64 /* Info.plist */,
			);
			path = myuploadUITests;
			sourceTree = "<group>";
		};
/* End PBXGroup section */

/* Begin PBXNativeTarget section */
		F7D102BD1F77B48500696F64 /* myupload */ = {
			isa = PBXNativeTarget;
			buildConfigurationList = F7D102E31F77B48500696F64 /* Build configuration list for PBXNativeTarget "myupload" */;
			buildPhases = (
				F7D102BA1F77B48500696F64 /* Sources */,
				F7D102BB1F77B48500696F64 /* Frameworks */,
				F7D102BC1F77B48500696F64 /* Resources */,
			);
			buildRules = (
			);
			dependencies = (
			);
			name = myupload;
			productName = myupload;
			productReference = F7D102BE1F77B48500696F64 /* myupload.app */;
			productType = "com.apple.product-type.application";
		};
		F7D102CE1F77B48500696F64 /* myuploadTests */ = {
			isa = PBXNativeTarget;
			buildConfigurationList = F7D102E61F77B48500696F64 /* Build configuration list for PBXNativeTarget "myuploadTests" */;
			buildPhases = (
				F7D102CB1F77B48500696F64 /* Sources */,
				F7D102CC1F77B48500696F64 /* Frameworks */,
				F7D102CD1F77B48500696F64 /* Resources */,
			);
			buildRules = (
			);
			dependencies = (
				F7D102D11F77B48500696F64 /* PBXTargetDependency */,
			);
			name = myuploadTests;
			productName = myuploadTests;
			productReference = F7D102CF1F77B48500696F64 /* myuploadTests.xctest */;
			productType = "com.apple.product-type.bundle.unit-test";
		};
		F7D102D91F77B48500696F64 /* myuploadUITests */ = {
			isa = PBXNativeTarget;
			buildConfigurationList = F7D102E91F77B48500696F64 /* Build configuration list for PBXNativeTarget "myuploadUITests" */;
			buildPhases = (
				F7D102D61F77B48500696F64 /* Sources */,
				F7D102D71F77B48500696F64 /* Frameworks */,
				F7D102D81F77B48500696F64 /* Resources */,
			);
			buildRules = (
			);
			dependencies = (
				F7D102DC1F77B48500696F64 /* PBXTargetDependency */,
			);
			name = myuploadUITests;
			productName = myuploadUITests;
			productReference = F7D102DA1F77B48500696F64 /* myuploadUITests.xctest */;
			productType = "com.apple.product-type.bundle.ui-testing";
		};
/* End PBXNativeTarget section */

/* Begin PBXProject section */
		F7D102B61F77B48500696F64 /* Project object */ = {
			isa = PBXProject;
			attributes = {
				LastSwiftUpdateCheck = 0830;
				LastUpgradeCheck = 0830;
				ORGANIZATIONNAME = "X H";
				TargetAttributes = {
					F7D102BD1F77B48500696F64 = {
						CreatedOnToolsVersion = 8.3.1;
						ProvisioningStyle = Automatic;
					};
					F7D102CE1F77B48500696F64 = {
						CreatedOnToolsVersion = 8.3.1;
						ProvisioningStyle = Automatic;
						TestTargetID = F7D102BD1F77B48500696F64;
					};
					F7D102D91F77B48500696F64 = {
						CreatedOnToolsVersion = 8.3.1;
						ProvisioningStyle = Automatic;
						TestTargetID = F7D102BD1F77B48500696F64;
					};
				};
			};
			buildConfigurationList = F7D102B91F77B48500696F64 /* Build configuration list for PBXProject "myupload" */;
			compatibilityVersion = "Xcode 3.2";
			developmentRegion = English;
			hasScannedForEncodings = 0;
			knownRegions = (
				en,
				Base,
			);
			mainGroup = F7D102B51F77B48500696F64;
			productRefGroup = F7D102BF1F77B48500696F64 /* Products */;
			projectDirPath = "";
			projectRoot = "";
			targets = (
				F7D102BD1F77B48500696F64 /* myupload */,
				F7D102CE1F77B48500696F64 /* myuploadTests */,
				F7D102D91F77B48500696F64 /* myuploadUITests */,
			);
		};
/* End PBXProject section */

/* Begin PBXResourcesBuildPhase section */
		F7D102BC1F77B48500696F64 /* Resources */ = {
			isa = PBXResourcesBuildPhase;
			buildActionMask = 2147483647;
			files = (
				F7D102C61F77B48500696F64 /* Assets.xcassets in Resources */,
				F7D102C91F77B48500696F64 /* Main.storyboard in Resources */,
			);
			runOnlyForDeploymentPostprocessing = 0;
		};
		F7D102CD1F77B48500696F64 /* Resources */ = {
			isa = PBXResourcesBuildPhase;
			buildActionMask = 2147483647;
			files = (
			);
			runOnlyForDeploymentPostprocessing = 0;
		};
		F7D102D81F77B48500696F64 /* Resources */ = {
			isa = PBXResourcesBuildPhase;
			buildActionMask = 2147483647;
			files = (
			);
			runOnlyForDeploymentPostprocessing = 0;
		};
/* End PBXResourcesBuildPhase section */

/* Begin PBXSourcesBuildPhase section */
		F7D102BA1F77B48500696F64 /* Sources */ = {
			isa = PBXSourcesBuildPhase;
			buildActionMask = 2147483647;
			files = (
				F7D102C41F77B48500696F64 /* ViewController.swift in Sources */,
				F7D102C21F77B48500696F64 /* AppDelegate.swift in Sources */,
			);
			runOnlyForDeploymentPostprocessing = 0;
		};
		F7D102CB1F77B48500696F64 /* Sources */ = {
			isa = PBXSourcesBuildPhase;
			buildActionMask = 2147483647;
			files = (
				F7D102D41F77B48500696F64 /* myuploadTests.swift in Sources */,
			);
			runOnlyForDeploymentPostprocessing = 0;
		};
		F7D102D61F77B48500696F64 /* Sources */ = {
			isa = PBXSourcesBuildPhase;
			buildActionMask = 2147483647;
			files = (
				F7D102DF1F77B48500696F64 /* myuploadUITests.swift in Sources */,
			);
			runOnlyForDeploymentPostprocessing = 0;
		};
/* End PBXSourcesBuildPhase section */

/* Begin PBXTargetDependency section */
		F7D102D11F77B48500696F64 /* PBXTargetDependency */ = {
			isa = PBXTargetDependency;
			target = F7D102BD1F77B48500696F64 /* myupload */;
			targetProxy = F7D102D01F77B48500696F64 /* PBXContainerItemProxy */;
		};
		F7D102DC1F77B48500696F64 /* PBXTargetDependency */ = {
			isa = PBXTargetDependency;
			target = F7D102BD1F77B48500696F64 /* myupload */;
			targetProxy = F7D102DB1F77B48500696F64 /* PBXContainerItemProxy */;
		};
/* End PBXTargetDependency section */

/* Begin PBXVariantGroup section */
		F7D102C71F77B48500696F64 /* Main.storyboard */ = {
			isa = PBXVariantGroup;
			children = (
				F7D102C81F77B48500696F64 /* Base */,
			);
			name = Main.storyboard;
			sourceTree = "<group>";
		};
/* End PBXVariantGroup section */

/* Begin XCBuildConfiguration section */
		F7D102E11F77B48500696F64 /* Debug */ = {
			isa = XCBuildConfiguration;
			buildSettings = {
				ALWAYS_SEARCH_USER_PATHS = NO;
				CLANG_ANALYZER_NONNULL = YES;
				CLANG_ANALYZER_NUMBER_OBJECT_CONVERSION = YES_AGGRESSIVE;
				CLANG_CXX_LANGUAGE_STANDARD = "gnu++0x";
				CLANG_CXX_LIBRARY = "libc++";
				CLANG_ENABLE_MODULES = YES;
				CLANG_ENABLE_OBJC_ARC = YES;
				CLANG_WARN_BOOL_CONVERSION = YES;
				CLANG_WARN_CONSTANT_CONVERSION = YES;
				CLANG_WARN_DIRECT_OBJC_ISA_USAGE = YES_ERROR;
				CLANG_WARN_DOCUMENTATION_COMMENTS = YES;
				CLANG_WARN_EMPTY_BODY = YES;
				CLANG_WARN_ENUM_CONVERSION = YES;
				CLANG_WARN_INFINITE_RECURSION = YES;
				CLANG_WARN_INT_CONVERSION = YES;
				CLANG_WARN_OBJC_ROOT_CLASS = YES_ERROR;
				CLANG_WARN_SUSPICIOUS_MOVE = YES;
				CLANG_WARN_UNREACHABLE_CODE = YES;
				CLANG_WARN__DUPLICATE_METHOD_MATCH = YES;
				CODE_SIGN_IDENTITY = "-";
				COPY_PHASE_STRIP = NO;
				DEBUG_INFORMATION_FORMAT = dwarf;
				ENABLE_STRICT_OBJC_MSGSEND = YES;
				ENABLE_TESTABILITY = YES;
				GCC_C_LANGUAGE_STANDARD = gnu99;
				GCC_DYNAMIC_NO_PIC = NO;
				GCC_NO_COMMON_BLOCKS = YES;
				GCC_OPTIMIZATION_LEVEL = 0;
				GCC_PREPROCESSOR_DEFINITIONS = (
					"DEBUG=1",
					"$(inherited)",
				);
				GCC_WARN_64_TO_32_BIT_CONVERSION = YES;
				GCC_WARN_ABOUT_RETURN_TYPE = YES_ERROR;
				GCC_WARN_UNDECLARED_SELECTOR = YES;
				GCC_WARN_UNINITIALIZED_AUTOS = YES_AGGRESSIVE;
				GCC_WARN_UNUSED_FUNCTION = YES;
				GCC_WARN_UNUSED_VARIABLE = YES;
				MACOSX_DEPLOYMENT_TARGET = 10.12;
				MTL_ENABLE_DEBUG_INFO = YES;
				ONLY_ACTIVE_ARCH = YES;
				SDKROOT = macosx;
				SWIFT_ACTIVE_COMPILATION_CONDITIONS = DEBUG;
				SWIFT_OPTIMIZATION_LEVEL = "-Onone";
			};
			name = Debug;
		};
		F7D102E21F77B48500696F64 /* Release */ = {
			isa = XCBuildConfiguration;
			buildSettings = {
				ALWAYS_SEARCH_USER_PATHS = NO;
				CLANG_ANALYZER_NONNULL = YES;
				CLANG_ANALYZER_NUMBER_OBJECT_CONVERSION = YES_AGGRESSIVE;
				CLANG_CXX_LANGUAGE_STANDARD = "gnu++0x";
				CLANG_CXX_LIBRARY = "libc++";
				CLANG_ENABLE_MODULES = YES;
				CLANG_ENABLE_OBJC_ARC = YES;
				CLANG_WARN_BOOL_CONVERSION = YES;
				CLANG_WARN_CONSTANT_CONVERSION = YES;
				CLANG_WARN_DIRECT_OBJC_ISA_USAGE = YES_ERROR;
				CLANG_WARN_DOCUMENTATION_COMMENTS = YES;
				CLANG_WARN_EMPTY_BODY = YES;
				CLANG_WARN_ENUM_CONVERSION = YES;
				CLANG_WARN_INFINITE_RECURSION = YES;
				CLANG_WARN_INT_CONVERSION = YES;
				CLANG_WARN_OBJC_ROOT_CLASS = YES_ERROR;
				CLANG_WARN_SUSPICIOUS_MOVE = YES;
				CLANG_WARN_UNREACHABLE_CODE = YES;
				CLANG_WARN__DUPLICATE_METHOD_MATCH = YES;
				CODE_SIGN_IDENTITY = "-";
				COPY_PHASE_STRIP = NO;
				DEBUG_INFORMATION_FORMAT = "dwarf-with-dsym";
				ENABLE_NS_ASSERTIONS = NO;
				ENABLE_STRICT_OBJC_MSGSEND = YES;
				GCC_C_LANGUAGE_STANDARD = gnu99;
				GCC_NO_COMMON_BLOCKS = YES;
				GCC_WARN_64_TO_32_BIT_CONVERSION = YES;
				GCC_WARN_ABOUT_RETURN_TYPE = YES_ERROR;
				GCC_WARN_UNDECLARED_SELECTOR = YES;
				GCC_WARN_UNINITIALIZED_AUTOS = YES_AGGRESSIVE;
				GCC_WARN_UNUSED_FUNCTION = YES;
				GCC_WARN_UNUSED_VARIABLE = YES;
				MACOSX_DEPLOYMENT_TARGET = 10.12;
				MTL_ENABLE_DEBUG_INFO = NO;
				SDKROOT = macosx;
				SWIFT_OPTIMIZATION_LEVEL = "-Owholemodule";
			};
			name = Release;
		};
		F7D102E41F77B48500696F64 /* Debug */ = {
			isa = XCBuildConfiguration;
			buildSettings = {
				ASSETCATALOG_COMPILER_APPICON_NAME = AppIcon;
				COMBINE_HIDPI_IMAGES = YES;
				INFOPLIST_FILE = myupload/Info.plist;
				LD_RUNPATH_SEARCH_PATHS = "$(inherited) @executable_path/../Frameworks";
				PRODUCT_BUNDLE_IDENTIFIER = h.myupload;
				PRODUCT_NAME = "$(TARGET_NAME)";
				SWIFT_VERSION = 3.0;
			};
			name = Debug;
		};
		F7D102E51F77B48500696F64 /* Release */ = {
			isa = XCBuildConfiguration;
			buildSettings = {
				ASSETCATALOG_COMPILER_APPICON_NAME = AppIcon;
				COMBINE_HIDPI_IMAGES = YES;
				INFOPLIST_FILE = myupload/Info.plist;
				LD_RUNPATH_SEARCH_PATHS = "$(inherited) @executable_path/../Frameworks";
				PRODUCT_BUNDLE_IDENTIFIER = h.myupload;
				PRODUCT_NAME = "$(TARGET_NAME)";
				SWIFT_VERSION = 3.0;
			};
			name = Release;
		};
		F7D102E71F77B48500696F64 /* Debug */ = {
			isa = XCBuildConfiguration;
			buildSettings = {
				ALWAYS_EMBED_SWIFT_STANDARD_LIBRARIES = YES;
				BUNDLE_LOADER = "$(TEST_HOST)";
				COMBINE_HIDPI_IMAGES = YES;
				INFOPLIST_FILE = myuploadTests/Info.plist;
				LD_RUNPATH_SEARCH_PATHS = "$(inherited) @executable_path/../Frameworks @loader_path/../Frameworks";
				PRODUCT_BUNDLE_IDENTIFIER = h.myuploadTests;
				PRODUCT_NAME = "$(TARGET_NAME)";
				SWIFT_VERSION = 3.0;
				TEST_HOST = "$(BUILT_PRODUCTS_DIR)/myupload.app/Contents/MacOS/myupload";
			};
			name = Debug;
		};
		F7D102E81F77B48500696F64 /* Release */ = {
			isa = XCBuildConfiguration;
			buildSettings = {
				ALWAYS_EMBED_SWIFT_STANDARD_LIBRARIES = YES;
				BUNDLE_LOADER = "$(TEST_HOST)";
				COMBINE_HIDPI_IMAGES = YES;
				INFOPLIST_FILE = myuploadTests/Info.plist;
				LD_RUNPATH_SEARCH_PATHS = "$(inherited) @executable_path/../Frameworks @loader_path/../Frameworks";
				PRODUCT_BUNDLE_IDENTIFIER = h.myuploadTests;
				PRODUCT_NAME = "$(TARGET_NAME)";
				SWIFT_VERSION = 3.0;
				TEST_HOST = "$(BUILT_PRODUCTS_DIR)/myupload.app/Contents/MacOS/myupload";
			};
			name = Release;
		};
		F7D102EA1F77B48500696F64 /* Debug */ = {
			isa = XCBuildConfiguration;
			buildSettings = {
				ALWAYS_EMBED_SWIFT_STANDARD_LIBRARIES = YES;
				COMBINE_HIDPI_IMAGES = YES;
				INFOPLIST_FILE = myuploadUITests/Info.plist;
				LD_RUNPATH_SEARCH_PATHS = "$(inherited) @executable_path/../Frameworks @loader_path/../Frameworks";
				PRODUCT_BUNDLE_IDENTIFIER = h.myuploadUITests;
				PRODUCT_NAME = "$(TARGET_NAME)";
				SWIFT_VERSION = 3.0;
				TEST_TARGET_NAME = myupload;
			};
			name = Debug;
		};
		F7D102EB1F77B48500696F64 /* Release */ = {
			isa = XCBuildConfiguration;
			buildSettings = {
				ALWAYS_EMBED_SWIFT_STANDARD_LIBRARIES = YES;
				COMBINE_HIDPI_IMAGES = YES;
				INFOPLIST_FILE = myuploadUITests/Info.plist;
				LD_RUNPATH_SEARCH_PATHS = "$(inherited) @executable_path/../Frameworks @loader_path/../Frameworks";
				PRODUCT_BUNDLE_IDENTIFIER = h.myuploadUITests;
				PRODUCT_NAME = "$(TARGET_NAME)";
				SWIFT_VERSION = 3.0;
				TEST_TARGET_NAME = myupload;
			};
			name = Release;
		};
/* End XCBuildConfiguration section */

/* Begin XCConfigurationList section */
		F7D102B91F77B48500696F64 /* Build configuration list for PBXProject "myupload" */ = {
			isa = XCConfigurationList;
			buildConfigurations = (
				F7D102E11F77B48500696F64 /* Debug */,
				F7D102E21F77B48500696F64 /* Release */,
			);
			defaultConfigurationIsVisible = 0;
			defaultConfigurationName = Release;
		};
		F7D102E31F77B48500696F64 /* Build configuration list for PBXNativeTarget "myupload" */ = {
			isa = XCConfigurationList;
			buildConfigurations = (
				F7D102E41F77B48500696F64 /* Debug */,
				F7D102E51F77B48500696F64 /* Release */,
			);
			defaultConfigurationIsVisible = 0;
		};
		F7D102E61F77B48500696F64 /* Build configuration list for PBXNativeTarget "myuploadTests" */ = {
			isa = XCConfigurationList;
			buildConfigurations = (
				F7D102E71F77B48500696F64 /* Debug */,
				F7D102E81F77B48500696F64 /* Release */,
			);
			defaultConfigurationIsVisible = 0;
		};
		F7D102E91F77B48500696F64 /* Build configuration list for PBXNativeTarget "myuploadUITests" */ = {
			isa = XCConfigurationList;
			buildConfigurations = (
				F7D102EA1F77B48500696F64 /* Debug */,
				F7D102EB1F77B48500696F64 /* Release */,
			);
			defaultConfigurationIsVisible = 0;
		};
/* End XCConfigurationList section */
	};
	rootObject = F7D102B61F77B48500696F64 /* Project object */;
}
